
Microsoft Visual Studio Solution File, Format Version 12.00
# Visual Studio Version 17
VisualStudioVersion = 17.8.34316.72
MinimumVisualStudioVersion = 10.0.40219.1
Project("{FAE04EC0-301F-11D3-BF4B-00C04F79EFBC}") = "Laborotorna7", "Laborotorna7.csproj", "{FF3DA48A-00E4-461B-98B6-86262ECCB06C}"
EndProject
Global
	GlobalSection(SolutionConfigurationPlatforms) = preSolution
		Debug|Any CPU = Debug|Any CPU
		Release|Any CPU = Release|Any CPU
	EndGlobalSection
	GlobalSection(ProjectConfigurationPlatforms) = postSolution
		{FF3DA48A-00E4-461B-98B6-86262ECCB06C}.Debug|Any CPU.ActiveCfg = Debug|Any CPU
		{FF3DA48A-00E4-461B-98B6-86262ECCB06C}.Debug|Any CPU.Build.0 = Debug|Any CPU
		{FF3DA48A-00E4-461B-98B6-86262ECCB06C}.Release|Any CPU.ActiveCfg = Release|Any CPU
		{FF3DA48A-00E4-461B-98B6-86262ECCB06C}.Release|Any CPU.Build.0 = Release|Any CPU
	EndGlobalSection
	GlobalSection(SolutionProperties) = preSolution
		HideSolutionNode = FALSE
	EndGlobalSection
	GlobalSection(ExtensibilityGlobals) = postSolution
		SolutionGuid = {A93D20CE-5D5D-447C-A42C-EE2BA11EB632}
	EndGlobalSection
EndGlobal
